Microsoft Visual Studio Solution File, Format Version 12.00
# Visual Studio Version 17
VisualStudioVersion = 17.1.32328.378
MinimumVisualStudioVersion = 10.0.40219.1
Project("{9A19103F-16F7-4668-BE54-9A1E7A4F7556}") = "Napos.Domain", "Napos.Domain\Napos.Domain.csproj", "{2BCC97D4-094D-4CD7-9C0A-B3B00157A576}"
EndProject
Project("{9A19103F-16F7-4668-BE54-9A1E7A4F7556}") = "Napos.Core", "Napos.Core\Napos.Core.csproj", "{A3EF5035-FB2F-433C-8975-8E1F87D2F3EA}"
EndProject
Project("{9A19103F-16F7-4668-BE54-9A1E7A4F7556}") = "Napos.Models", "Napos.Models\Napos.Models.csproj", "{F0A8D820-7829-4865-BF91-1278BACF5F05}"
EndProject
Project("{9A19103F-16F7-4668-BE54-9A1E7A4F7556}") = "Napos.Data", "Napos.Data\Napos.Data.csproj", "{18FBBCA1-2D16-42C7-B5B8-5C1F86D34676}"
EndProject
Project("{2150E333-8FDC-42A3-9474-1A3956D46DE8}") = "Domain", "Domain", "{EFFDAFE0-0FDC-45C8-872D-9DD463D3FD95}"
EndProject
Project("{2150E333-8FDC-42A3-9474-1A3956D46DE8}") = "Apps", "Apps", "{D7FAFF1C-8DEE-4A69-AEF7-91AA513FEF12}"
EndProject
Project("{9A19103F-16F7-4668-BE54-9A1E7A4F7556}") = "Napos.Domain.Tests", "Napos.Domain.Tests\Napos.Domain.Tests.csproj", "{4FE7E89B-C298-4CB3-9FB1-B03D50C04D28}"
EndProject
Project("{2150E333-8FDC-42A3-9474-1A3956D46DE8}") = "Tests", "Tests", "{84EC0E95-DE7E-47B1-8D5D-2093F272AE81}"
EndProject
Project("{2150E333-8FDC-42A3-9474-1A3956D46DE8}") = "_Externals", "_Externals", "{141EAF79-AA97-4A0D-B68F-CB3BAE1DB290}"
EndProject
Project("{9A19103F-16F7-4668-BE54-9A1E7A4F7556}") = "Napos.Core.Tests", "Napos.Core.Tests\Napos.Core.Tests.csproj", "{375CD510-B8DD-47A4-8133-4F0DF163E231}"
EndProject
Project("{2150E333-8FDC-42A3-9474-1A3956D46DE8}") = "UI", "UI", "{1215ADDC-B3E1-465E-9106-F2885AF8A31F}"
EndProject
Project("{54A90642-561A-4BB1-A94E-469ADEE60C69}") = "Napos.UI", "Napos.UI\Napos.UI.esproj", "{23AD3210-E783-4B33-8556-376FCE8EB328}"
EndProject
Project("{9A19103F-16F7-4668-BE54-9A1E7A4F7556}") = "Napos", "Napos\Napos.csproj", "{022205AB-ACF9-4D99-AC85-648623698879}"
EndProject
Project("{9A19103F-16F7-4668-BE54-9A1E7A4F7556}") = "Napos.Web", "Napos.Web\Napos.Web.csproj", "{35031CF6-750C-4690-B797-EEFFCC176385}"
EndProject
Project("{9A19103F-16F7-4668-BE54-9A1E7A4F7556}") = "Napos.SchemaGenerator", "Napos.SchemaGenerator\Napos.SchemaGenerator.csproj", "{91EF6365-9940-4508-96CF-F28C00CA8AA8}"
EndProject
Project("{2150E333-8FDC-42A3-9474-1A3956D46DE8}") = "Solution Items", "Solution Items", "{2840114D-9007-4E91-92FC-24109CABA5A7}"
	ProjectSection(SolutionItems) = preProject
		README.md = README.md
	EndProjectSection
EndProject
Global
	GlobalSection(SolutionConfigurationPlatforms) = preSolution
		Debug|Any CPU = Debug|Any CPU
		Debug|ARM = Debug|ARM
		Debug|iPhone = Debug|iPhone
		Debug|iPhoneSimulator = Debug|iPhoneSimulator
		Debug|x64 = Debug|x64
		Debug|x86 = Debug|x86
		Release|Any CPU = Release|Any CPU
		Release|ARM = Release|ARM
		Release|iPhone = Release|iPhone
		Release|iPhoneSimulator = Release|iPhoneSimulator
		Release|x64 = Release|x64
		Release|x86 = Release|x86
	EndGlobalSection
	GlobalSection(ProjectConfigurationPlatforms) = postSolution
		{2BCC97D4-094D-4CD7-9C0A-B3B00157A576}.Debug|Any CPU.ActiveCfg = Debug|Any CPU
		{2BCC97D4-094D-4CD7-9C0A-B3B00157A576}.Debug|Any CPU.Build.0 = Debug|Any CPU
		{2BCC97D4-094D-4CD7-9C0A-B3B00157A576}.Debug|ARM.ActiveCfg = Debug|Any CPU
		{2BCC97D4-094D-4CD7-9C0A-B3B00157A576}.Debug|ARM.Build.0 = Debug|Any CPU
		{2BCC97D4-094D-4CD7-9C0A-B3B00157A576}.Debug|iPhone.ActiveCfg = Debug|Any CPU
		{2BCC97D4-094D-4CD7-9C0A-B3B00157A576}.Debug|iPhone.Build.0 = Debug|Any CPU
		{2BCC97D4-094D-4CD7-9C0A-B3B00157A576}.Debug|iPhoneSimulator.ActiveCfg = Debug|Any CPU
		{2BCC97D4-094D-4CD7-9C0A-B3B00157A576}.Debug|iPhoneSimulator.Build.0 = Debug|Any CPU
		{2BCC97D4-094D-4CD7-9C0A-B3B00157A576}.Debug|x64.ActiveCfg = Debug|Any CPU
		{2BCC97D4-094D-4CD7-9C0A-B3B00157A576}.Debug|x64.Build.0 = Debug|Any CPU
		{2BCC97D4-094D-4CD7-9C0A-B3B00157A576}.Debug|x86.ActiveCfg = Debug|Any CPU
		{2BCC97D4-094D-4CD7-9C0A-B3B00157A576}.Debug|x86.Build.0 = Debug|Any CPU
		{2BCC97D4-094D-4CD7-9C0A-B3B00157A576}.Release|Any CPU.ActiveCfg = Release|Any CPU
		{2BCC97D4-094D-4CD7-9C0A-B3B00157A576}.Release|Any CPU.Build.0 = Release|Any CPU
		{2BCC97D4-094D-4CD7-9C0A-B3B00157A576}.Release|ARM.ActiveCfg = Release|Any CPU
		{2BCC97D4-094D-4CD7-9C0A-B3B00157A576}.Release|ARM.Build.0 = Release|Any CPU
		{2BCC97D4-094D-4CD7-9C0A-B3B00157A576}.Release|iPhone.ActiveCfg = Release|Any CPU
		{2BCC97D4-094D-4CD7-9C0A-B3B00157A576}.Release|iPhone.Build.0 = Release|Any CPU
		{2BCC97D4-094D-4CD7-9C0A-B3B00157A576}.Release|iPhoneSimulator.ActiveCfg = Release|Any CPU
		{2BCC97D4-094D-4CD7-9C0A-B3B00157A576}.Release|iPhoneSimulator.Build.0 = Release|Any CPU
		{2BCC97D4-094D-4CD7-9C0A-B3B00157A576}.Release|x64.ActiveCfg = Release|Any CPU
		{2BCC97D4-094D-4CD7-9C0A-B3B00157A576}.Release|x64.Build.0 = Release|Any CPU
		{2BCC97D4-094D-4CD7-9C0A-B3B00157A576}.Release|x86.ActiveCfg = Release|Any CPU
		{2BCC97D4-094D-4CD7-9C0A-B3B00157A576}.Release|x86.Build.0 = Release|Any CPU
		{A3EF5035-FB2F-433C-8975-8E1F87D2F3EA}.Debug|Any CPU.ActiveCfg = Debug|Any CPU
		{A3EF5035-FB2F-433C-8975-8E1F87D2F3EA}.Debug|Any CPU.Build.0 = Debug|Any CPU
		{A3EF5035-FB2F-433C-8975-8E1F87D2F3EA}.Debug|ARM.ActiveCfg = Debug|Any CPU
		{A3EF5035-FB2F-433C-8975-8E1F87D2F3EA}.Debug|ARM.Build.0 = Debug|Any CPU
		{A3EF5035-FB2F-433C-8975-8E1F87D2F3EA}.Debug|iPhone.ActiveCfg = Debug|Any CPU
		{A3EF5035-FB2F-433C-8975-8E1F87D2F3EA}.Debug|iPhone.Build.0 = Debug|Any CPU
		{A3EF5035-FB2F-433C-8975-8E1F87D2F3EA}.Debug|iPhoneSimulator.ActiveCfg = Debug|Any CPU
		{A3EF5035-FB2F-433C-8975-8E1F87D2F3EA}.Debug|iPhoneSimulator.Build.0 = Debug|Any CPU
		{A3EF5035-FB2F-433C-8975-8E1F87D2F3EA}.Debug|x64.ActiveCfg = Debug|Any CPU
		{A3EF5035-FB2F-433C-8975-8E1F87D2F3EA}.Debug|x64.Build.0 = Debug|Any CPU
		{A3EF5035-FB2F-433C-8975-8E1F87D2F3EA}.Debug|x86.ActiveCfg = Debug|Any CPU
		{A3EF5035-FB2F-433C-8975-8E1F87D2F3EA}.Debug|x86.Build.0 = Debug|Any CPU
		{A3EF5035-FB2F-433C-8975-8E1F87D2F3EA}.Release|Any CPU.ActiveCfg = Release|Any CPU
		{A3EF5035-FB2F-433C-8975-8E1F87D2F3EA}.Release|Any CPU.Build.0 = Release|Any CPU
		{A3EF5035-FB2F-433C-8975-8E1F87D2F3EA}.Release|ARM.ActiveCfg = Release|Any CPU
		{A3EF5035-FB2F-433C-8975-8E1F87D2F3EA}.Release|ARM.Build.0 = Release|Any CPU
		{A3EF5035-FB2F-433C-8975-8E1F87D2F3EA}.Release|iPhone.ActiveCfg = Release|Any CPU
		{A3EF5035-FB2F-433C-8975-8E1F87D2F3EA}.Release|iPhone.Build.0 = Release|Any CPU
		{A3EF5035-FB2F-433C-8975-8E1F87D2F3EA}.Release|iPhoneSimulator.ActiveCfg = Release|Any CPU
		{A3EF5035-FB2F-433C-8975-8E1F87D2F3EA}.Release|iPhoneSimulator.Build.0 = Release|Any CPU
		{A3EF5035-FB2F-433C-8975-8E1F87D2F3EA}.Release|x64.ActiveCfg = Release|Any CPU
		{A3EF5035-FB2F-433C-8975-8E1F87D2F3EA}.Release|x64.Build.0 = Release|Any CPU
		{A3EF5035-FB2F-433C-8975-8E1F87D2F3EA}.Release|x86.ActiveCfg = Release|Any CPU
		{A3EF5035-FB2F-433C-8975-8E1F87D2F3EA}.Release|x86.Build.0 = Release|Any CPU
		{F0A8D820-7829-4865-BF91-1278BACF5F05}.Debug|Any CPU.ActiveCfg = Debug|Any CPU
		{F0A8D820-7829-4865-BF91-1278BACF5F05}.Debug|Any CPU.Build.0 = Debug|Any CPU
		{F0A8D820-7829-4865-BF91-1278BACF5F05}.Debug|ARM.ActiveCfg = Debug|Any CPU
		{F0A8D820-7829-4865-BF91-1278BACF5F05}.Debug|ARM.Build.0 = Debug|Any CPU
		{F0A8D820-7829-4865-BF91-1278BACF5F05}.Debug|iPhone.ActiveCfg = Debug|Any CPU
		{F0A8D820-7829-4865-BF91-1278BACF5F05}.Debug|iPhone.Build.0 = Debug|Any CPU
		{F0A8D820-7829-4865-BF91-1278BACF5F05}.Debug|iPhoneSimulator.ActiveCfg = Debug|Any CPU
		{F0A8D820-7829-4865-BF91-1278BACF5F05}.Debug|iPhoneSimulator.Build.0 = Debug|Any CPU
		{F0A8D820-7829-4865-BF91-1278BACF5F05}.Debug|x64.ActiveCfg = Debug|Any CPU
		{F0A8D820-7829-4865-BF91-1278BACF5F05}.Debug|x64.Build.0 = Debug|Any CPU
		{F0A8D820-7829-4865-BF91-1278BACF5F05}.Debug|x86.ActiveCfg = Debug|Any CPU
		{F0A8D820-7829-4865-BF91-1278BACF5F05}.Debug|x86.Build.0 = Debug|Any CPU
		{F0A8D820-7829-4865-BF91-1278BACF5F05}.Release|Any CPU.ActiveCfg = Release|Any CPU
		{F0A8D820-7829-4865-BF91-1278BACF5F05}.Release|Any CPU.Build.0 = Release|Any CPU
		{F0A8D820-7829-4865-BF91-1278BACF5F05}.Release|ARM.ActiveCfg = Release|Any CPU
		{F0A8D820-7829-4865-BF91-1278BACF5F05}.Release|ARM.Build.0 = Release|Any CPU
		{F0A8D820-7829-4865-BF91-1278BACF5F05}.Release|iPhone.ActiveCfg = Release|Any CPU
		{F0A8D820-7829-4865-BF91-1278BACF5F05}.Release|iPhone.Build.0 = Release|Any CPU
		{F0A8D820-7829-4865-BF91-1278BACF5F05}.Release|iPhoneSimulator.ActiveCfg = Release|Any CPU
		{F0A8D820-7829-4865-BF91-1278BACF5F05}.Release|iPhoneSimulator.Build.0 = Release|Any CPU
		{F0A8D820-7829-4865-BF91-1278BACF5F05}.Release|x64.ActiveCfg = Release|Any CPU
		{F0A8D820-7829-4865-BF91-1278BACF5F05}.Release|x64.Build.0 = Release|Any CPU
		{F0A8D820-7829-4865-BF91-1278BACF5F05}.Release|x86.ActiveCfg = Release|Any CPU
		{F0A8D820-7829-4865-BF91-1278BACF5F05}.Release|x86.Build.0 = Release|Any CPU
		{18FBBCA1-2D16-42C7-B5B8-5C1F86D34676}.Debug|Any CPU.ActiveCfg = Debug|Any CPU
		{18FBBCA1-2D16-42C7-B5B8-5C1F86D34676}.Debug|Any CPU.Build.0 = Debug|Any CPU
		{18FBBCA1-2D16-42C7-B5B8-5C1F86D34676}.Debug|ARM.ActiveCfg = Debug|Any CPU
		{18FBBCA1-2D16-42C7-B5B8-5C1F86D34676}.Debug|ARM.Build.0 = Debug|Any CPU
		{18FBBCA1-2D16-42C7-B5B8-5C1F86D34676}.Debug|iPhone.ActiveCfg = Debug|Any CPU
		{18FBBCA1-2D16-42C7-B5B8-5C1F86D34676}.Debug|iPhone.Build.0 = Debug|Any CPU
		{18FBBCA1-2D16-42C7-B5B8-5C1F86D34676}.Debug|iPhoneSimulator.ActiveCfg = Debug|Any CPU
		{18FBBCA1-2D16-42C7-B5B8-5C1F86D34676}.Debug|iPhoneSimulator.Build.0 = Debug|Any CPU
		{18FBBCA1-2D16-42C7-B5B8-5C1F86D34676}.Debug|x64.ActiveCfg = Debug|Any CPU
		{18FBBCA1-2D16-42C7-B5B8-5C1F86D34676}.Debug|x64.Build.0 = Debug|Any CPU
		{18FBBCA1-2D16-42C7-B5B8-5C1F86D34676}.Debug|x86.ActiveCfg = Debug|Any CPU
		{18FBBCA1-2D16-42C7-B5B8-5C1F86D34676}.Debug|x86.Build.0 = Debug|Any CPU
		{18FBBCA1-2D16-42C7-B5B8-5C1F86D34676}.Release|Any CPU.ActiveCfg = Release|Any CPU
		{18FBBCA1-2D16-42C7-B5B8-5C1F86D34676}.Release|Any CPU.Build.0 = Release|Any CPU
		{18FBBCA1-2D16-42C7-B5B8-5C1F86D34676}.Release|ARM.ActiveCfg = Release|Any CPU
		{18FBBCA1-2D16-42C7-B5B8-5C1F86D34676}.Release|ARM.Build.0 = Release|Any CPU
		{18FBBCA1-2D16-42C7-B5B8-5C1F86D34676}.Release|iPhone.ActiveCfg = Release|Any CPU
		{18FBBCA1-2D16-42C7-B5B8-5C1F86D34676}.Release|iPhone.Build.0 = Release|Any CPU
		{18FBBCA1-2D16-42C7-B5B8-5C1F86D34676}.Release|iPhoneSimulator.ActiveCfg = Release|Any CPU
		{18FBBCA1-2D16-42C7-B5B8-5C1F86D34676}.Release|iPhoneSimulator.Build.0 = Release|Any CPU
		{18FBBCA1-2D16-42C7-B5B8-5C1F86D34676}.Release|x64.ActiveCfg = Release|Any CPU
		{18FBBCA1-2D16-42C7-B5B8-5C1F86D34676}.Release|x64.Build.0 = Release|Any CPU
		{18FBBCA1-2D16-42C7-B5B8-5C1F86D34676}.Release|x86.ActiveCfg = Release|Any CPU
		{18FBBCA1-2D16-42C7-B5B8-5C1F86D34676}.Release|x86.Build.0 = Release|Any CPU
		{4FE7E89B-C298-4CB3-9FB1-B03D50C04D28}.Debug|Any CPU.ActiveCfg = Debug|Any CPU
		{4FE7E89B-C298-4CB3-9FB1-B03D50C04D28}.Debug|Any CPU.Build.0 = Debug|Any CPU
		{4FE7E89B-C298-4CB3-9FB1-B03D50C04D28}.Debug|ARM.ActiveCfg = Debug|Any CPU
		{4FE7E89B-C298-4CB3-9FB1-B03D50C04D28}.Debug|ARM.Build.0 = Debug|Any CPU
		{4FE7E89B-C298-4CB3-9FB1-B03D50C04D28}.Debug|iPhone.ActiveCfg = Debug|Any CPU
		{4FE7E89B-C298-4CB3-9FB1-B03D50C04D28}.Debug|iPhone.Build.0 = Debug|Any CPU
		{4FE7E89B-C298-4CB3-9FB1-B03D50C04D28}.Debug|iPhoneSimulator.ActiveCfg = Debug|Any CPU
		{4FE7E89B-C298-4CB3-9FB1-B03D50C04D28}.Debug|iPhoneSimulator.Build.0 = Debug|Any CPU
		{4FE7E89B-C298-4CB3-9FB1-B03D50C04D28}.Debug|x64.ActiveCfg = Debug|Any CPU
		{4FE7E89B-C298-4CB3-9FB1-B03D50C04D28}.Debug|x64.Build.0 = Debug|Any CPU
		{4FE7E89B-C298-4CB3-9FB1-B03D50C04D28}.Debug|x86.ActiveCfg = Debug|Any CPU
		{4FE7E89B-C298-4CB3-9FB1-B03D50C04D28}.Debug|x86.Build.0 = Debug|Any CPU
		{4FE7E89B-C298-4CB3-9FB1-B03D50C04D28}.Release|Any CPU.ActiveCfg = Release|Any CPU
		{4FE7E89B-C298-4CB3-9FB1-B03D50C04D28}.Release|Any CPU.Build.0 = Release|Any CPU
		{4FE7E89B-C298-4CB3-9FB1-B03D50C04D28}.Release|ARM.ActiveCfg = Release|Any CPU
		{4FE7E89B-C298-4CB3-9FB1-B03D50C04D28}.Release|ARM.Build.0 = Release|Any CPU
		{4FE7E89B-C298-4CB3-9FB1-B03D50C04D28}.Release|iPhone.ActiveCfg = Release|Any CPU
		{4FE7E89B-C298-4CB3-9FB1-B03D50C04D28}.Release|iPhone.Build.0 = Release|Any CPU
		{4FE7E89B-C298-4CB3-9FB1-B03D50C04D28}.Release|iPhoneSimulator.ActiveCfg = Release|Any CPU
		{4FE7E89B-C298-4CB3-9FB1-B03D50C04D28}.Release|iPhoneSimulator.Build.0 = Release|Any CPU
		{4FE7E89B-C298-4CB3-9FB1-B03D50C04D28}.Release|x64.ActiveCfg = Release|Any CPU
		{4FE7E89B-C298-4CB3-9FB1-B03D50C04D28}.Release|x64.Build.0 = Release|Any CPU
		{4FE7E89B-C298-4CB3-9FB1-B03D50C04D28}.Release|x86.ActiveCfg = Release|Any CPU
		{4FE7E89B-C298-4CB3-9FB1-B03D50C04D28}.Release|x86.Build.0 = Release|Any CPU
		{375CD510-B8DD-47A4-8133-4F0DF163E231}.Debug|Any CPU.ActiveCfg = Debug|Any CPU
		{375CD510-B8DD-47A4-8133-4F0DF163E231}.Debug|Any CPU.Build.0 = Debug|Any CPU
		{375CD510-B8DD-47A4-8133-4F0DF163E231}.Debug|ARM.ActiveCfg = Debug|Any CPU
		{375CD510-B8DD-47A4-8133-4F0DF163E231}.Debug|ARM.Build.0 = Debug|Any CPU
		{375CD510-B8DD-47A4-8133-4F0DF163E231}.Debug|iPhone.ActiveCfg = Debug|Any CPU
		{375CD510-B8DD-47A4-8133-4F0DF163E231}.Debug|iPhone.Build.0 = Debug|Any CPU
		{375CD510-B8DD-47A4-8133-4F0DF163E231}.Debug|iPhoneSimulator.ActiveCfg = Debug|Any CPU
		{375CD510-B8DD-47A4-8133-4F0DF163E231}.Debug|iPhoneSimulator.Build.0 = Debug|Any CPU
		{375CD510-B8DD-47A4-8133-4F0DF163E231}.Debug|x64.ActiveCfg = Debug|Any CPU
		{375CD510-B8DD-47A4-8133-4F0DF163E231}.Debug|x64.Build.0 = Debug|Any CPU
		{375CD510-B8DD-47A4-8133-4F0DF163E231}.Debug|x86.ActiveCfg = Debug|Any CPU
		{375CD510-B8DD-47A4-8133-4F0DF163E231}.Debug|x86.Build.0 = Debug|Any CPU
		{375CD510-B8DD-47A4-8133-4F0DF163E231}.Release|Any CPU.ActiveCfg = Release|Any CPU
		{375CD510-B8DD-47A4-8133-4F0DF163E231}.Release|Any CPU.Build.0 = Release|Any CPU
		{375CD510-B8DD-47A4-8133-4F0DF163E231}.Release|ARM.ActiveCfg = Release|Any CPU
		{375CD510-B8DD-47A4-8133-4F0DF163E231}.Release|ARM.Build.0 = Release|Any CPU
		{375CD510-B8DD-47A4-8133-4F0DF163E231}.Release|iPhone.ActiveCfg = Release|Any CPU
		{375CD510-B8DD-47A4-8133-4F0DF163E231}.Release|iPhone.Build.0 = Release|Any CPU
		{375CD510-B8DD-47A4-8133-4F0DF163E231}.Release|iPhoneSimulator.ActiveCfg = Release|Any CPU
		{375CD510-B8DD-47A4-8133-4F0DF163E231}.Release|iPhoneSimulator.Build.0 = Release|Any CPU
		{375CD510-B8DD-47A4-8133-4F0DF163E231}.Release|x64.ActiveCfg = Release|Any CPU
		{375CD510-B8DD-47A4-8133-4F0DF163E231}.Release|x64.Build.0 = Release|Any CPU
		{375CD510-B8DD-47A4-8133-4F0DF163E231}.Release|x86.ActiveCfg = Release|Any CPU
		{375CD510-B8DD-47A4-8133-4F0DF163E231}.Release|x86.Build.0 = Release|Any CPU
		{23AD3210-E783-4B33-8556-376FCE8EB328}.Debug|Any CPU.ActiveCfg = Debug|Any CPU
		{23AD3210-E783-4B33-8556-376FCE8EB328}.Debug|Any CPU.Build.0 = Debug|Any CPU
		{23AD3210-E783-4B33-8556-376FCE8EB328}.Debug|Any CPU.Deploy.0 = Debug|Any CPU
		{23AD3210-E783-4B33-8556-376FCE8EB328}.Debug|ARM.ActiveCfg = Debug|Any CPU
		{23AD3210-E783-4B33-8556-376FCE8EB328}.Debug|ARM.Build.0 = Debug|Any CPU
		{23AD3210-E783-4B33-8556-376FCE8EB328}.Debug|ARM.Deploy.0 = Debug|Any CPU
		{23AD3210-E783-4B33-8556-376FCE8EB328}.Debug|iPhone.ActiveCfg = Debug|Any CPU
		{23AD3210-E783-4B33-8556-376FCE8EB328}.Debug|iPhone.Build.0 = Debug|Any CPU
		{23AD3210-E783-4B33-8556-376FCE8EB328}.Debug|iPhone.Deploy.0 = Debug|Any CPU
		{23AD3210-E783-4B33-8556-376FCE8EB328}.Debug|iPhoneSimulator.ActiveCfg = Debug|Any CPU
		{23AD3210-E783-4B33-8556-376FCE8EB328}.Debug|iPhoneSimulator.Build.0 = Debug|Any CPU
		{23AD3210-E783-4B33-8556-376FCE8EB328}.Debug|iPhoneSimulator.Deploy.0 = Debug|Any CPU
		{23AD3210-E783-4B33-8556-376FCE8EB328}.Debug|x64.ActiveCfg = Debug|Any CPU
		{23AD3210-E783-4B33-8556-376FCE8EB328}.Debug|x64.Build.0 = Debug|Any CPU
		{23AD3210-E783-4B33-8556-376FCE8EB328}.Debug|x64.Deploy.0 = Debug|Any CPU
		{23AD3210-E783-4B33-8556-376FCE8EB328}.Debug|x86.ActiveCfg = Debug|Any CPU
		{23AD3210-E783-4B33-8556-376FCE8EB328}.Debug|x86.Build.0 = Debug|Any CPU
		{23AD3210-E783-4B33-8556-376FCE8EB328}.Debug|x86.Deploy.0 = Debug|Any CPU
		{23AD3210-E783-4B33-8556-376FCE8EB328}.Release|Any CPU.ActiveCfg = Release|Any CPU
		{23AD3210-E783-4B33-8556-376FCE8EB328}.Release|Any CPU.Build.0 = Release|Any CPU
		{23AD3210-E783-4B33-8556-376FCE8EB328}.Release|Any CPU.Deploy.0 = Release|Any CPU
		{23AD3210-E783-4B33-8556-376FCE8EB328}.Release|ARM.ActiveCfg = Release|Any CPU
		{23AD3210-E783-4B33-8556-376FCE8EB328}.Release|ARM.Build.0 = Release|Any CPU
		{23AD3210-E783-4B33-8556-376FCE8EB328}.Release|ARM.Deploy.0 = Release|Any CPU
		{23AD3210-E783-4B33-8556-376FCE8EB328}.Release|iPhone.ActiveCfg = Release|Any CPU
		{23AD3210-E783-4B33-8556-376FCE8EB328}.Release|iPhone.Build.0 = Release|Any CPU
		{23AD3210-E783-4B33-8556-376FCE8EB328}.Release|iPhone.Deploy.0 = Release|Any CPU
		{23AD3210-E783-4B33-8556-376FCE8EB328}.Release|iPhoneSimulator.ActiveCfg = Release|Any CPU
		{23AD3210-E783-4B33-8556-376FCE8EB328}.Release|iPhoneSimulator.Build.0 = Release|Any CPU
		{23AD3210-E783-4B33-8556-376FCE8EB328}.Release|iPhoneSimulator.Deploy.0 = Release|Any CPU
		{23AD3210-E783-4B33-8556-376FCE8EB328}.Release|x64.ActiveCfg = Release|Any CPU
		{23AD3210-E783-4B33-8556-376FCE8EB328}.Release|x64.Build.0 = Release|Any CPU
		{23AD3210-E783-4B33-8556-376FCE8EB328}.Release|x64.Deploy.0 = Release|Any CPU
		{23AD3210-E783-4B33-8556-376FCE8EB328}.Release|x86.ActiveCfg = Release|Any CPU
		{23AD3210-E783-4B33-8556-376FCE8EB328}.Release|x86.Build.0 = Release|Any CPU
		{23AD3210-E783-4B33-8556-376FCE8EB328}.Release|x86.Deploy.0 = Release|Any CPU
		{022205AB-ACF9-4D99-AC85-648623698879}.Debug|Any CPU.ActiveCfg = Debug|Any CPU
		{022205AB-ACF9-4D99-AC85-648623698879}.Debug|Any CPU.Build.0 = Debug|Any CPU
		{022205AB-ACF9-4D99-AC85-648623698879}.Debug|Any CPU.Deploy.0 = Debug|Any CPU
		{022205AB-ACF9-4D99-AC85-648623698879}.Debug|ARM.ActiveCfg = Debug|Any CPU
		{022205AB-ACF9-4D99-AC85-648623698879}.Debug|ARM.Build.0 = Debug|Any CPU
		{022205AB-ACF9-4D99-AC85-648623698879}.Debug|ARM.Deploy.0 = Debug|Any CPU
		{022205AB-ACF9-4D99-AC85-648623698879}.Debug|iPhone.ActiveCfg = Debug|Any CPU
		{022205AB-ACF9-4D99-AC85-648623698879}.Debug|iPhone.Build.0 = Debug|Any CPU
		{022205AB-ACF9-4D99-AC85-648623698879}.Debug|iPhone.Deploy.0 = Debug|Any CPU
		{022205AB-ACF9-4D99-AC85-648623698879}.Debug|iPhoneSimulator.ActiveCfg = Debug|Any CPU
		{022205AB-ACF9-4D99-AC85-648623698879}.Debug|iPhoneSimulator.Build.0 = Debug|Any CPU
		{022205AB-ACF9-4D99-AC85-648623698879}.Debug|iPhoneSimulator.Deploy.0 = Debug|Any CPU
		{022205AB-ACF9-4D99-AC85-648623698879}.Debug|x64.ActiveCfg = Debug|Any CPU
		{022205AB-ACF9-4D99-AC85-648623698879}.Debug|x64.Build.0 = Debug|Any CPU
		{022205AB-ACF9-4D99-AC85-648623698879}.Debug|x64.Deploy.0 = Debug|Any CPU
		{022205AB-ACF9-4D99-AC85-648623698879}.Debug|x86.ActiveCfg = Debug|Any CPU
		{022205AB-ACF9-4D99-AC85-648623698879}.Debug|x86.Build.0 = Debug|Any CPU
		{022205AB-ACF9-4D99-AC85-648623698879}.Debug|x86.Deploy.0 = Debug|Any CPU
		{022205AB-ACF9-4D99-AC85-648623698879}.Release|Any CPU.ActiveCfg = Release|Any CPU
		{022205AB-ACF9-4D99-AC85-648623698879}.Release|Any CPU.Build.0 = Release|Any CPU
		{022205AB-ACF9-4D99-AC85-648623698879}.Release|Any CPU.Deploy.0 = Release|Any CPU
		{022205AB-ACF9-4D99-AC85-648623698879}.Release|ARM.ActiveCfg = Release|Any CPU
		{022205AB-ACF9-4D99-AC85-648623698879}.Release|ARM.Build.0 = Release|Any CPU
		{022205AB-ACF9-4D99-AC85-648623698879}.Release|ARM.Deploy.0 = Release|Any CPU
		{022205AB-ACF9-4D99-AC85-648623698879}.Release|iPhone.ActiveCfg = Release|Any CPU
		{022205AB-ACF9-4D99-AC85-648623698879}.Release|iPhone.Build.0 = Release|Any CPU
		{022205AB-ACF9-4D99-AC85-648623698879}.Release|iPhone.Deploy.0 = Release|Any CPU
		{022205AB-ACF9-4D99-AC85-648623698879}.Release|iPhoneSimulator.ActiveCfg = Release|Any CPU
		{022205AB-ACF9-4D99-AC85-648623698879}.Release|iPhoneSimulator.Build.0 = Release|Any CPU
		{022205AB-ACF9-4D99-AC85-648623698879}.Release|iPhoneSimulator.Deploy.0 = Release|Any CPU
		{022205AB-ACF9-4D99-AC85-648623698879}.Release|x64.ActiveCfg = Release|Any CPU
		{022205AB-ACF9-4D99-AC85-648623698879}.Release|x64.Build.0 = Release|Any CPU
		{022205AB-ACF9-4D99-AC85-648623698879}.Release|x64.Deploy.0 = Release|Any CPU
		{022205AB-ACF9-4D99-AC85-648623698879}.Release|x86.ActiveCfg = Release|Any CPU
		{022205AB-ACF9-4D99-AC85-648623698879}.Release|x86.Build.0 = Release|Any CPU
		{022205AB-ACF9-4D99-AC85-648623698879}.Release|x86.Deploy.0 = Release|Any CPU
		{35031CF6-750C-4690-B797-EEFFCC176385}.Debug|Any CPU.ActiveCfg = Debug|Any CPU
		{35031CF6-750C-4690-B797-EEFFCC176385}.Debug|Any CPU.Build.0 = Debug|Any CPU
		{35031CF6-750C-4690-B797-EEFFCC176385}.Debug|ARM.ActiveCfg = Debug|Any CPU
		{35031CF6-750C-4690-B797-EEFFCC176385}.Debug|ARM.Build.0 = Debug|Any CPU
		{35031CF6-750C-4690-B797-EEFFCC176385}.Debug|iPhone.ActiveCfg = Debug|Any CPU
		{35031CF6-750C-4690-B797-EEFFCC176385}.Debug|iPhone.Build.0 = Debug|Any CPU
		{35031CF6-750C-4690-B797-EEFFCC176385}.Debug|iPhoneSimulator.ActiveCfg = Debug|Any CPU
		{35031CF6-750C-4690-B797-EEFFCC176385}.Debug|iPhoneSimulator.Build.0 = Debug|Any CPU
		{35031CF6-750C-4690-B797-EEFFCC176385}.Debug|x64.ActiveCfg = Debug|Any CPU
		{35031CF6-750C-4690-B797-EEFFCC176385}.Debug|x64.Build.0 = Debug|Any CPU
		{35031CF6-750C-4690-B797-EEFFCC176385}.Debug|x86.ActiveCfg = Debug|Any CPU
		{35031CF6-750C-4690-B797-EEFFCC176385}.Debug|x86.Build.0 = Debug|Any CPU
		{35031CF6-750C-4690-B797-EEFFCC176385}.Release|Any CPU.ActiveCfg = Release|Any CPU
		{35031CF6-750C-4690-B797-EEFFCC176385}.Release|Any CPU.Build.0 = Release|Any CPU
		{35031CF6-750C-4690-B797-EEFFCC176385}.Release|ARM.ActiveCfg = Release|Any CPU
		{35031CF6-750C-4690-B797-EEFFCC176385}.Release|ARM.Build.0 = Release|Any CPU
		{35031CF6-750C-4690-B797-EEFFCC176385}.Release|iPhone.ActiveCfg = Release|Any CPU
		{35031CF6-750C-4690-B797-EEFFCC176385}.Release|iPhone.Build.0 = Release|Any CPU
		{35031CF6-750C-4690-B797-EEFFCC176385}.Release|iPhoneSimulator.ActiveCfg = Release|Any CPU
		{35031CF6-750C-4690-B797-EEFFCC176385}.Release|iPhoneSimulator.Build.0 = Release|Any CPU
		{35031CF6-750C-4690-B797-EEFFCC176385}.Release|x64.ActiveCfg = Release|Any CPU
		{35031CF6-750C-4690-B797-EEFFCC176385}.Release|x64.Build.0 = Release|Any CPU
		{35031CF6-750C-4690-B797-EEFFCC176385}.Release|x86.ActiveCfg = Release|Any CPU
		{35031CF6-750C-4690-B797-EEFFCC176385}.Release|x86.Build.0 = Release|Any CPU
		{91EF6365-9940-4508-96CF-F28C00CA8AA8}.Debug|Any CPU.ActiveCfg = Debug|Any CPU
		{91EF6365-9940-4508-96CF-F28C00CA8AA8}.Debug|Any CPU.Build.0 = Debug|Any CPU
		{91EF6365-9940-4508-96CF-F28C00CA8AA8}.Debug|ARM.ActiveCfg = Debug|Any CPU
		{91EF6365-9940-4508-96CF-F28C00CA8AA8}.Debug|ARM.Build.0 = Debug|Any CPU
		{91EF6365-9940-4508-96CF-F28C00CA8AA8}.Debug|iPhone.ActiveCfg = Debug|Any CPU
		{91EF6365-9940-4508-96CF-F28C00CA8AA8}.Debug|iPhone.Build.0 = Debug|Any CPU
		{91EF6365-9940-4508-96CF-F28C00CA8AA8}.Debug|iPhoneSimulator.ActiveCfg = Debug|Any CPU
		{91EF6365-9940-4508-96CF-F28C00CA8AA8}.Debug|iPhoneSimulator.Build.0 = Debug|Any CPU
		{91EF6365-9940-4508-96CF-F28C00CA8AA8}.Debug|x64.ActiveCfg = Debug|Any CPU
		{91EF6365-9940-4508-96CF-F28C00CA8AA8}.Debug|x64.Build.0 = Debug|Any CPU
		{91EF6365-9940-4508-96CF-F28C00CA8AA8}.Debug|x86.ActiveCfg = Debug|Any CPU
		{91EF6365-9940-4508-96CF-F28C00CA8AA8}.Debug|x86.Build.0 = Debug|Any CPU
		{91EF6365-9940-4508-96CF-F28C00CA8AA8}.Release|Any CPU.ActiveCfg = Release|Any CPU
		{91EF6365-9940-4508-96CF-F28C00CA8AA8}.Release|Any CPU.Build.0 = Release|Any CPU
		{91EF6365-9940-4508-96CF-F28C00CA8AA8}.Release|ARM.ActiveCfg = Release|Any CPU
		{91EF6365-9940-4508-96CF-F28C00CA8AA8}.Release|ARM.Build.0 = Release|Any CPU
		{91EF6365-9940-4508-96CF-F28C00CA8AA8}.Release|iPhone.ActiveCfg = Release|Any CPU
		{91EF6365-9940-4508-96CF-F28C00CA8AA8}.Release|iPhone.Build.0 = Release|Any CPU
		{91EF6365-9940-4508-96CF-F28C00CA8AA8}.Release|iPhoneSimulator.ActiveCfg = Release|Any CPU
		{91EF6365-9940-4508-96CF-F28C00CA8AA8}.Release|iPhoneSimulator.Build.0 = Release|Any CPU
		{91EF6365-9940-4508-96CF-F28C00CA8AA8}.Release|x64.ActiveCfg = Release|Any CPU
		{91EF6365-9940-4508-96CF-F28C00CA8AA8}.Release|x64.Build.0 = Release|Any CPU
		{91EF6365-9940-4508-96CF-F28C00CA8AA8}.Release|x86.ActiveCfg = Release|Any CPU
		{91EF6365-9940-4508-96CF-F28C00CA8AA8}.Release|x86.Build.0 = Release|Any CPU
	EndGlobalSection
	GlobalSection(SolutionProperties) = preSolution
		HideSolutionNode = FALSE
	EndGlobalSection
	GlobalSection(NestedProjects) = preSolution
		{2BCC97D4-094D-4CD7-9C0A-B3B00157A576} = {EFFDAFE0-0FDC-45C8-872D-9DD463D3FD95}
		{A3EF5035-FB2F-433C-8975-8E1F87D2F3EA} = {EFFDAFE0-0FDC-45C8-872D-9DD463D3FD95}
		{F0A8D820-7829-4865-BF91-1278BACF5F05} = {EFFDAFE0-0FDC-45C8-872D-9DD463D3FD95}
		{18FBBCA1-2D16-42C7-B5B8-5C1F86D34676} = {EFFDAFE0-0FDC-45C8-872D-9DD463D3FD95}
		{4FE7E89B-C298-4CB3-9FB1-B03D50C04D28} = {84EC0E95-DE7E-47B1-8D5D-2093F272AE81}
		{375CD510-B8DD-47A4-8133-4F0DF163E231} = {84EC0E95-DE7E-47B1-8D5D-2093F272AE81}
		{23AD3210-E783-4B33-8556-376FCE8EB328} = {1215ADDC-B3E1-465E-9106-F2885AF8A31F}
		{022205AB-ACF9-4D99-AC85-648623698879} = {D7FAFF1C-8DEE-4A69-AEF7-91AA513FEF12}
		{35031CF6-750C-4690-B797-EEFFCC176385} = {D7FAFF1C-8DEE-4A69-AEF7-91AA513FEF12}
		{91EF6365-9940-4508-96CF-F28C00CA8AA8} = {EFFDAFE0-0FDC-45C8-872D-9DD463D3FD95}
	EndGlobalSection
	GlobalSection(ExtensibilityGlobals) = postSolution
		SolutionGuid = {AED8A69D-0EFD-4050-8964-7D5F8B9D9FFB}
	EndGlobalSection
EndGlobal
